
Microsoft Visual Studio Solution File, Format Version 12.00
# Visual Studio Version 17
VisualStudioVersion = 17.3.32825.248
MinimumVisualStudioVersion = 10.0.40219.1
Project("{FAE04EC0-301F-11D3-BF4B-00C04F79EFBC}") = "locadoradeveiculos", "locadoradeveiculos\locadoradeveiculos.csproj", "{0718B87D-2862-41AB-89F7-12CF88811252}"
EndProject
Global
	GlobalSection(SolutionConfigurationPlatforms) = preSolution
		Debug|Any CPU = Debug|Any CPU
		Release|Any CPU = Release|Any CPU
	EndGlobalSection
	GlobalSection(ProjectConfigurationPlatforms) = postSolution
		{0718B87D-2862-41AB-89F7-12CF88811252}.Debug|Any CPU.ActiveCfg = Debug|Any CPU
		{0718B87D-2862-41AB-89F7-12CF88811252}.Debug|Any CPU.Build.0 = Debug|Any CPU
		{0718B87D-2862-41AB-89F7-12CF88811252}.Release|Any CPU.ActiveCfg = Release|Any CPU
		{0718B87D-2862-41AB-89F7-12CF88811252}.Release|Any CPU.Build.0 = Release|Any CPU
	EndGlobalSection
	GlobalSection(SolutionProperties) = preSolution
		HideSolutionNode = FALSE
	EndGlobalSection
	GlobalSection(ExtensibilityGlobals) = postSolution
		SolutionGuid = {C9839779-9D04-4C5A-93AE-6ADC779D8480}
	EndGlobalSection
EndGlobal
